PODS:
  - GPUImage (0.1.7)
  - IQKeyboardManager (4.0.8)
  - MJExtension (3.0.13)
  - pop (1.0.9)
  - XMNetworking (1.0.0):
    - XMNetworking/Core (= 1.0.0)
    - XMNetworking/Lib (= 1.0.0)
  - XMNetworking/Core (1.0.0):
    - XMNetworking/Lib/AFNetworking-3.1.0
  - XMNetworking/Lib (1.0.0):
    - XMNetworking/Lib/AFNetworking-3.1.0 (= 1.0.0)
  - XMNetworking/Lib/AFNetworking-3.1.0 (1.0.0)

DEPENDENCIES:
  - GPUImage
  - IQKeyboardManager
  - MJExtension
  - pop
  - XMNetworking

SPEC CHECKSUMS:
  GPUImage: 733a5f0fab92df9de1c37ba9df520a833ccb406d
  IQKeyboardManager: 1a8189fa153bf09044355ee0ad36826f6767e7f7
  MJExtension: 5932755f451458eefa24239358817f8d291240c7
  pop: f667631a5108a2e60d9e8797c9b32ddaf2080bce
  XMNetworking: 997cdb61f537362a2bb7bb4e7e0a36bff03bdad1

PODFILE CHECKSUM: 207037306916fa7abb9bab615867de15e57c1f4c

COCOAPODS: 1.2.0.beta.1
